
Microsoft Visual Studio Solution File, Format Version 12.00
# Visual Studio 15
VisualStudioVersion = 15.0.28010.2003
MinimumVisualStudioVersion = 10.0.40219.1
Project("{FAE04EC0-301F-11D3-BF4B-00C04F79EFBC}") = "Lotto", "WindowsFormsApp4\Lotto.csproj", "{45AC81A8-2AA7-4FD1-81BC-C728CCD292C9}"
EndProject
Global
	GlobalSection(SolutionConfigurationPlatforms) = preSolution
		Debug|Any CPU = Debug|Any CPU
		Release|Any CPU = Release|Any CPU
	EndGlobalSection
	GlobalSection(ProjectConfigurationPlatforms) = postSolution
		{45AC81A8-2AA7-4FD1-81BC-C728CCD292C9}.Debug|Any CPU.ActiveCfg = Debug|Any CPU
		{45AC81A8-2AA7-4FD1-81BC-C728CCD292C9}.Debug|Any CPU.Build.0 = Debug|Any CPU
		{45AC81A8-2AA7-4FD1-81BC-C728CCD292C9}.Release|Any CPU.ActiveCfg = Release|Any CPU
		{45AC81A8-2AA7-4FD1-81BC-C728CCD292C9}.Release|Any CPU.Build.0 = Release|Any CPU
	EndGlobalSection
	GlobalSection(SolutionProperties) = preSolution
		HideSolutionNode = FALSE
	EndGlobalSection
	GlobalSection(ExtensibilityGlobals) = postSolution
		SolutionGuid = {F8D9459D-617E-4EB9-A590-53CB292D0CE7}
	EndGlobalSection
EndGlobal
